
Microsoft Visual Studio Solution File, Format Version 12.00
# Visual Studio Version 17
VisualStudioVersion = 17.11.35327.3
MinimumVisualStudioVersion = 10.0.40219.1
Project("{FAE04EC0-301F-11D3-BF4B-00C04F79EFBC}") = "MobID.MainGateway", "MobID.MainGateway\MobID.MainGateway.csproj", "{98A8AB3F-2122-433D-8C93-985D569D67D3}"
EndProject
Project("{2150E333-8FDC-42A3-9474-1A3956D46DE8}") = "src", "src", "{9FC41C2B-F94A-434D-9FD1-F552BB8B8250}"
EndProject
Global
	GlobalSection(SolutionConfigurationPlatforms) = preSolution
		Debug|Any CPU = Debug|Any CPU
		Release|Any CPU = Release|Any CPU
	EndGlobalSection
	GlobalSection(ProjectConfigurationPlatforms) = postSolution
		{98A8AB3F-2122-433D-8C93-985D569D67D3}.Debug|Any CPU.ActiveCfg = Debug|Any CPU
		{98A8AB3F-2122-433D-8C93-985D569D67D3}.Debug|Any CPU.Build.0 = Debug|Any CPU
		{98A8AB3F-2122-433D-8C93-985D569D67D3}.Release|Any CPU.ActiveCfg = Release|Any CPU
		{98A8AB3F-2122-433D-8C93-985D569D67D3}.Release|Any CPU.Build.0 = Release|Any CPU
	EndGlobalSection
	GlobalSection(SolutionProperties) = preSolution
		HideSolutionNode = FALSE
	EndGlobalSection
	GlobalSection(NestedProjects) = preSolution
		{98A8AB3F-2122-433D-8C93-985D569D67D3} = {9FC41C2B-F94A-434D-9FD1-F552BB8B8250}
	EndGlobalSection
	GlobalSection(ExtensibilityGlobals) = postSolution
		SolutionGuid = {4EBBFAC9-F06E-41FA-BD2D-FFDFFEB91BA4}
	EndGlobalSection
EndGlobal
